
Microsoft Visual Studio Solution File, Format Version 12.00
# Visual Studio Version 16
VisualStudioVersion = 16.0.30804.86
MinimumVisualStudioVersion = 10.0.40219.1
Project("{9A19103F-16F7-4668-BE54-9A1E7A4F7556}") = "DegenApp", "DegenApp\DegenApp.csproj", "{0D11BCFC-CCE4-45D1-8FA2-F204F05C38C2}"
EndProject
Project("{00D1A9C2-B5F0-4AF3-8072-F6C62B433612}") = "DegenAppDB", "DegenAppDB\DegenAppDB.sqlproj", "{6FC31F5E-A3B3-4BA2-A422-89CC119DB63F}"
EndProject
Global
	GlobalSection(SolutionConfigurationPlatforms) = preSolution
		Debug|Any CPU = Debug|Any CPU
		Release|Any CPU = Release|Any CPU
	EndGlobalSection
	GlobalSection(ProjectConfigurationPlatforms) = postSolution
		{0D11BCFC-CCE4-45D1-8FA2-F204F05C38C2}.Debug|Any CPU.ActiveCfg = Debug|Any CPU
		{0D11BCFC-CCE4-45D1-8FA2-F204F05C38C2}.Debug|Any CPU.Build.0 = Debug|Any CPU
		{0D11BCFC-CCE4-45D1-8FA2-F204F05C38C2}.Release|Any CPU.ActiveCfg = Release|Any CPU
		{0D11BCFC-CCE4-45D1-8FA2-F204F05C38C2}.Release|Any CPU.Build.0 = Release|Any CPU
		{6FC31F5E-A3B3-4BA2-A422-89CC119DB63F}.Debug|Any CPU.ActiveCfg = Debug|Any CPU
		{6FC31F5E-A3B3-4BA2-A422-89CC119DB63F}.Debug|Any CPU.Build.0 = Debug|Any CPU
		{6FC31F5E-A3B3-4BA2-A422-89CC119DB63F}.Debug|Any CPU.Deploy.0 = Debug|Any CPU
		{6FC31F5E-A3B3-4BA2-A422-89CC119DB63F}.Release|Any CPU.ActiveCfg = Release|Any CPU
		{6FC31F5E-A3B3-4BA2-A422-89CC119DB63F}.Release|Any CPU.Build.0 = Release|Any CPU
		{6FC31F5E-A3B3-4BA2-A422-89CC119DB63F}.Release|Any CPU.Deploy.0 = Release|Any CPU
	EndGlobalSection
	GlobalSection(SolutionProperties) = preSolution
		HideSolutionNode = FALSE
	EndGlobalSection
	GlobalSection(ExtensibilityGlobals) = postSolution
		SolutionGuid = {79B4FDE5-0254-44C3-A65B-CE845BFB27BA}
	EndGlobalSection
EndGlobal
